# THIS IS AN AUTOGENERATED FILE. DO NOT EDIT THIS FILE DIRECTLY.
# yarn lockfile v1


caseless@^0.12.0:
  version "0.12.0"
  resolved "https://registry.yarnpkg.com/caseless/-/caseless-0.12.0.tgz#1b681c21ff84033c826543090689420d187151dc"

debug@^4.1.1:
  version "4.1.1"
  resolved "https://registry.yarnpkg.com/debug/-/debug-4.1.1.tgz#3b72260255109c6b589cee050f1d516139664791"
  integrity sha512-pYAIzeRo8J6KPEaJ0VWOh5Pzkbw/RetuzehGM7QRRX5he4fPHx2rdKMB256ehJCkX+XRQm16eZLqLNS8RSZXZw==
  dependencies:
    ms "^2.1.1"

entities@^2.0.2:
  version "2.0.2"
  resolved "https://registry.yarnpkg.com/entities/-/entities-2.0.2.tgz#ac74db0bba8d33808bbf36809c3a5c3683531436"
  integrity sha512-dmD3AvJQBUjKpcNkoqr+x+IF0SdRtPz9Vk0uTy4yWqga9ibB6s4v++QFWNohjiUGoMlF552ZvNyXDxz5iW0qmw==

formatter@^0.4.1:
  version "0.4.1"
  resolved "https://registry.yarnpkg.com/formatter/-/formatter-0.4.1.tgz#f43afedf8f2e7454ceae02ce45567a9fa3277fb8"

is-typedarray@^1.0.0:
  version "1.0.0"
  resolved "https://registry.yarnpkg.com/is-typedarray/-/is-typedarray-1.0.0.tgz#e479c80858df0c1b11ddda6940f96011fcda4a9a"

marked-ast-markdown@^2.1.0:
  version "2.1.0"
  resolved "https://registry.yarnpkg.com/marked-ast-markdown/-/marked-ast-markdown-2.1.0.tgz#1756e237e528c59a10bc04992b7d64bc445f9478"
  integrity sha512-vGC/NGGlvyu4I1Uox41a/ScpPbyYL74UWd7GsWjB9pmpmK1iMKqt0d5KdW+wShplefoDZvhm9kRwPlEYE85YGA==
  dependencies:
    entities "^2.0.2"
    whisk "^1.0.0"

marked-ast@^0.3.0:
  version "0.3.0"
  resolved "https://registry.yarnpkg.com/marked-ast/-/marked-ast-0.3.0.tgz#dc119d9109fd0be98e915d1e643b9ea24606daec"

ms@^2.1.1:
  version "2.1.2"
  resolved "https://registry.yarnpkg.com/ms/-/ms-2.1.2.tgz#d09d1f357b443f493382a8eb3ccd183872ae6009"
  integrity sha512-sGkPx+VjMtmA6MX27oA4FBFELFCZZ4S4XqeGOXCv68tT+jb3vk/RyaKWP0PTKyWtmLSM0b+adUTEvbs1PEaH2w==

node-fetch@^2.0.0-alpha.8:
  version "2.6.1"
  resolved "https://registry.yarnpkg.com/node-fetch/-/node-fetch-2.6.1.tgz#045bd323631f76ed2e2b55573394416b639a0052"
  integrity sha512-V4aYg89jEoVRxRb2fJdAg8FHvI7cEyYdVAh94HH0UIK8oJxUfkjlDQN9RbMx+bEjP7+ggMiFRprSti032Oipxw==

out@^1.1.0:
  version "1.1.0"
  resolved "https://registry.yarnpkg.com/out/-/out-1.1.0.tgz#d607bd5315e3a1733ecddc29b475ddf0c98c672b"
  integrity sha512-TfynqaVK+Z42/Cn5zwmdQsCLSs+WGmH+QhPHXhpuYhyiRGlUw/8FKd1LKPAL6B4f1sjIl+zLDegOjDpv6FOfRQ==

r2@^2.0.1:
  version "2.0.1"
  resolved "https://registry.yarnpkg.com/r2/-/r2-2.0.1.tgz#94cd802ecfce9a622549c8182032d8e4a2b2e612"
  dependencies:
    caseless "^0.12.0"
    node-fetch "^2.0.0-alpha.8"
    typedarray-to-buffer "^3.1.2"

typedarray-to-buffer@^3.1.2:
  version "3.1.5"
  resolved "https://registry.yarnpkg.com/typedarray-to-buffer/-/typedarray-to-buffer-3.1.5.tgz#a97ee7a9ff42691b9f783ff1bc5112fe3fca9080"
  dependencies:
    is-typedarray "^1.0.0"

whisk@^1.0.0:
  version "1.4.0"
  resolved "https://registry.yarnpkg.com/whisk/-/whisk-1.4.0.tgz#c3fe50b0f585ba73d5915da477c6735c135e8811"
