# THIS IS AN AUTOGENERATED FILE. DO NOT EDIT THIS FILE DIRECTLY.
# yarn lockfile v1


caseless@^0.12.0:
  version "0.12.0"
  resolved "https://registry.yarnpkg.com/caseless/-/caseless-0.12.0.tgz#1b681c21ff84033c826543090689420d187151dc"

debug@^3.1.0:
  version "3.1.0"
  resolved "https://registry.yarnpkg.com/debug/-/debug-3.1.0.tgz#5bb5a0672628b64149566ba16819e61518c67261"
  dependencies:
    ms "2.0.0"

entities@^1.1.1:
  version "1.1.1"
  resolved "https://registry.yarnpkg.com/entities/-/entities-1.1.1.tgz#6e5c2d0a5621b5dadaecef80b90edfb5cd7772f0"

formatter@^0.4.1:
  version "0.4.1"
  resolved "https://registry.yarnpkg.com/formatter/-/formatter-0.4.1.tgz#f43afedf8f2e7454ceae02ce45567a9fa3277fb8"

is-typedarray@^1.0.0:
  version "1.0.0"
  resolved "https://registry.yarnpkg.com/is-typedarray/-/is-typedarray-1.0.0.tgz#e479c80858df0c1b11ddda6940f96011fcda4a9a"

marked-ast-markdown@^2.0.1:
  version "2.0.1"
  resolved "https://registry.yarnpkg.com/marked-ast-markdown/-/marked-ast-markdown-2.0.1.tgz#3b51e940533de66e279721344339b7c8c656bb59"
  integrity sha512-c7l2EOCpG/VcaX7OYa2xFtWrGOVz/rL7tLqZL0+eak9Vw3HGBry+qbR9IWccGZiwfgCdWt+HvLSootQIBh/KjA==
  dependencies:
    entities "^1.1.1"
    whisk "^1.0.0"

marked-ast@^0.3.0:
  version "0.3.0"
  resolved "https://registry.yarnpkg.com/marked-ast/-/marked-ast-0.3.0.tgz#dc119d9109fd0be98e915d1e643b9ea24606daec"

ms@2.0.0:
  version "2.0.0"
  resolved "https://registry.yarnpkg.com/ms/-/ms-2.0.0.tgz#5608aeadfc00be6c2901df5f9861788de0d597c8"

node-fetch@^2.0.0-alpha.8:
  version "2.1.2"
  resolved "https://registry.yarnpkg.com/node-fetch/-/node-fetch-2.1.2.tgz#ab884e8e7e57e38a944753cec706f788d1768bb5"

out@^1.0.0:
  version "1.0.0"
  resolved "https://registry.yarnpkg.com/out/-/out-1.0.0.tgz#1f7311fa4e0155e1067d5aa1d8f45cb201370cb1"

r2@^2.0.1:
  version "2.0.1"
  resolved "https://registry.yarnpkg.com/r2/-/r2-2.0.1.tgz#94cd802ecfce9a622549c8182032d8e4a2b2e612"
  dependencies:
    caseless "^0.12.0"
    node-fetch "^2.0.0-alpha.8"
    typedarray-to-buffer "^3.1.2"

typedarray-to-buffer@^3.1.2:
  version "3.1.5"
  resolved "https://registry.yarnpkg.com/typedarray-to-buffer/-/typedarray-to-buffer-3.1.5.tgz#a97ee7a9ff42691b9f783ff1bc5112fe3fca9080"
  dependencies:
    is-typedarray "^1.0.0"

whisk@^1.0.0:
  version "1.4.0"
  resolved "https://registry.yarnpkg.com/whisk/-/whisk-1.4.0.tgz#c3fe50b0f585ba73d5915da477c6735c135e8811"
